
Microsoft Visual Studio Solution File, Format Version 12.00
# Visual Studio Version 17
VisualStudioVersion = 17.3.32901.215
MinimumVisualStudioVersion = 10.0.40219.1
Project("{8BC9CEB8-8B4A-11D0-8D11-00A0C91BC942}") = "scanf_s 문자와 문자열 입력", "scanf_s 문자와 문자열 입력\scanf_s 문자와 문자열 입력.vcxproj", "{A304CFF9-9AC3-4866-8748-A2407E38DA10}"
EndProject
Global
	GlobalSection(SolutionConfigurationPlatforms) = preSolution
		Debug|x64 = Debug|x64
		Debug|x86 = Debug|x86
		Release|x64 = Release|x64
		Release|x86 = Release|x86
	EndGlobalSection
	GlobalSection(ProjectConfigurationPlatforms) = postSolution
		{A304CFF9-9AC3-4866-8748-A2407E38DA10}.Debug|x64.ActiveCfg = Debug|x64
		{A304CFF9-9AC3-4866-8748-A2407E38DA10}.Debug|x64.Build.0 = Debug|x64
		{A304CFF9-9AC3-4866-8748-A2407E38DA10}.Debug|x86.ActiveCfg = Debug|Win32
		{A304CFF9-9AC3-4866-8748-A2407E38DA10}.Debug|x86.Build.0 = Debug|Win32
		{A304CFF9-9AC3-4866-8748-A2407E38DA10}.Release|x64.ActiveCfg = Release|x64
		{A304CFF9-9AC3-4866-8748-A2407E38DA10}.Release|x64.Build.0 = Release|x64
		{A304CFF9-9AC3-4866-8748-A2407E38DA10}.Release|x86.ActiveCfg = Release|Win32
		{A304CFF9-9AC3-4866-8748-A2407E38DA10}.Release|x86.Build.0 = Release|Win32
	EndGlobalSection
	GlobalSection(SolutionProperties) = preSolution
		HideSolutionNode = FALSE
	EndGlobalSection
	GlobalSection(ExtensibilityGlobals) = postSolution
		SolutionGuid = {7B930B97-5AE5-4E4F-B7F9-8F3CA56FC937}
	EndGlobalSection
EndGlobal
